{"format_version":"1.2","terraform_version":"1.9.2","variables":{"db_password":{"value":"TestingSuperStrongPass"}},"planned_values":{"outputs":{"dev_private_public":{"sensitive":false},"dev_private_subnets":{"sensitive":false},"dev_vpc_info":{"sensitive":false}},"root_module":{"child_modules":[{"resources":[{"address":"module.dev_network.aws_internet_gateway.gw","mode":"managed","type":"aws_internet_gateway","name":"gw","provider_name":"registry.terraform.io/hashicorp/aws","schema_version":0,"values":{"region":"eu-west-2","tags":{"Name":"dev-igw"},"tags_all":{"Name":"dev-igw"},"timeouts":null},"sensitive_values":{"tags":{},"tags_all":{}}},{"address":"module.dev_network.aws_route_table.public","mode":"managed","type":"aws_route_table","name":"public","provider_name":"registry.terraform.io/hashicorp/aws","schema_version":0,"values":{"region":"eu-west-2","route":[{"carrier_gateway_id":"","cidr_block":"0.0.0.0/0","core_network_arn":"","destination_prefix_list_id":"","egress_only_gateway_id":"","ipv6_cidr_block":"","local_gateway_id":"","nat_gateway_id":"","network_interface_id":"","transit_gateway_id":"","vpc_endpoint_id":"","vpc_peering_connection_id":""}],"tags":{"Name":"dev-public-rt"},"tags_all":{"Name":"dev-public-rt"},"timeouts":null},"sensitive_values":{"propagating_vgws":[],"route":[{}],"tags":{},"tags_all":{}}},{"address":"module.dev_network.aws_route_table_association.public[0]","mode":"managed","type":"aws_route_table_association","name":"public","index":0,"provider_name":"registry.terraform.io/hashicorp/aws","schema_version":0,"values":{"gateway_id":null,"region":"eu-west-2","timeouts":null},"sensitive_values":{}},{"address":"module.dev_network.aws_subnet.private[0]","mode":"managed","type":"aws_subnet","name":"private","index":0,"provider_name":"registry.terraform.io/hashicorp/aws","schema_version":1,"values":{"assign_ipv6_address_on_creation":false,"availability_zone":"eu-west-2a","cidr_block":"10.10.0.0/24","customer_owned_ipv4_pool":null,"enable_dns64":false,"enable_lni_at_device_index":null,"enable_resource_name_dns_a_record_on_launch":false,"enable_resource_name_dns_aaaa_record_on_launch":false,"ipv6_cidr_block":null,"ipv6_native":false,"map_customer_owned_ip_on_launch":null,"map_public_ip_on_launch":false,"outpost_arn":null,"region":"eu-west-2","tags":{"Name":"dev-private-0"},"tags_all":{"Name":"dev-private-0"},"timeouts":null},"sensitive_values":{"tags":{},"tags_all":{}}},{"address":"module.dev_network.aws_subnet.private[1]","mode":"managed","type":"aws_subnet","name":"private","index":1,"provider_name":"registry.terraform.io/hashicorp/aws","schema_version":1,"values":{"assign_ipv6_address_on_creation":false,"availability_zone":"eu-west-2b","cidr_block":"10.10.1.0/24","customer_owned_ipv4_pool":null,"enable_dns64":false,"enable_lni_at_device_index":null,"enable_resource_name_dns_a_record_on_launch":false,"enable_resource_name_dns_aaaa_record_on_launch":false,"ipv6_cidr_block":null,"ipv6_native":false,"map_customer_owned_ip_on_launch":null,"map_public_ip_on_launch":false,"outpost_arn":null,"region":"eu-west-2","tags":{"Name":"dev-private-1"},"tags_all":{"Name":"dev-private-1"},"timeouts":null},"sensitive_values":{"tags":{},"tags_all":{}}},{"address":"module.dev_network.aws_subnet.public[0]","mode":"managed","type":"aws_subnet","name":"public","index":0,"provider_name":"registry.terraform.io/hashicorp/aws","schema_version":1,"values":{"assign_ipv6_address_on_creation":false,"availability_zone":"eu-west-2a","cidr_block":"10.10.2.0/24","customer_owned_ipv4_pool":null,"enable_dns64":false,"enable_lni_at_device_index":null,"enable_resource_name_dns_a_record_on_launch":false,"enable_resource_name_dns_aaaa_record_on_launch":false,"ipv6_cidr_block":null,"ipv6_native":false,"map_customer_owned_ip_on_launch":null,"map_public_ip_on_launch":false,"outpost_arn":null,"region":"eu-west-2","tags":{"Name":"dev-public-0"},"tags_all":{"Name":"dev-public-0"},"timeouts":null},"sensitive_values":{"tags":{},"tags_all":{}}},{"address":"module.dev_network.aws_subnet.public[1]","mode":"managed","type":"aws_subnet","name":"public","index":1,"provider_name":"registry.terraform.io/hashicorp/aws","schema_version":1,"values":{"assign_ipv6_address_on_creation":false,"availability_zone":"eu-west-2b","cidr_block":"10.10.3.0/24","customer_owned_ipv4_pool":null,"enable_dns64":false,"enable_lni_at_device_index":null,"enable_resource_name_dns_a_record_on_launch":false,"enable_resource_name_dns_aaaa_record_on_launch":false,"ipv6_cidr_block":null,"ipv6_native":false,"map_customer_owned_ip_on_launch":null,"map_public_ip_on_launch":false,"outpost_arn":null,"region":"eu-west-2","tags":{"Name":"dev-public-1"},"tags_all":{"Name":"dev-public-1"},"timeouts":null},"sensitive_values":{"tags":{},"tags_all":{}}},{"address":"module.dev_network.aws_vpc.main","mode":"managed","type":"aws_vpc","name":"main","provider_name":"registry.terraform.io/hashicorp/aws","schema_version":1,"values":{"assign_generated_ipv6_cidr_block":null,"cidr_block":"10.10.0.0/16","enable_dns_hostnames":true,"enable_dns_support":true,"instance_tenancy":"default","ipv4_ipam_pool_id":null,"ipv4_netmask_length":null,"ipv6_ipam_pool_id":null,"ipv6_netmask_length":null,"region":"eu-west-2","tags":{"Environment":"dev","ManagedBy":"Terraform","Name":"dev-vpc"},"tags_all":{"Environment":"dev","ManagedBy":"Terraform","Name":"dev-vpc"}},"sensitive_values":{"tags":{},"tags_all":{}}}],"address":"module.dev_network"},{"resources":[{"address":"module.flashsale_system.aws_db_subnet_group.aurora","mode":"managed","type":"aws_db_subnet_group","name":"aurora","provider_name":"registry.terraform.io/hashicorp/aws","schema_version":0,"values":{"description":"Managed by Terraform","name":"dev-aurora-subnet-group","region":"eu-west-2","tags":null},"sensitive_values":{"subnet_ids":[],"supported_network_types":[],"tags_all":{}}},{"address":"module.flashsale_system.aws_elasticache_cluster.redis","mode":"managed","type":"aws_elasticache_cluster","name":"redis","provider_name":"registry.terraform.io/hashicorp/aws","schema_version":0,"values":{"auto_minor_version_upgrade":"true","cluster_id":"dev-flashsale-redis","engine":"redis","final_snapshot_identifier":null,"log_delivery_configuration":[],"node_type":"cache.t4g.medium","notification_topic_arn":null,"num_cache_nodes":1,"outpost_mode":null,"parameter_group_name":"default.redis7","preferred_availability_zones":null,"region":"eu-west-2","snapshot_arns":null,"snapshot_name":null,"snapshot_retention_limit":null,"subnet_group_name":"dev-redis-subnet-group","tags":null,"timeouts":null},"sensitive_values":{"cache_nodes":[],"log_delivery_configuration":[],"security_group_ids":[],"tags_all":{}}},{"address":"module.flashsale_system.aws_elasticache_subnet_group.redis","mode":"managed","type":"aws_elasticache_subnet_group","name":"redis","provider_name":"registry.terraform.io/hashicorp/aws","schema_version":0,"values":{"description":"Managed by Terraform","name":"dev-redis-subnet-group","region":"eu-west-2","tags":null},"sensitive_values":{"subnet_ids":[],"tags_all":{}}},{"address":"module.flashsale_system.aws_lb.alb","mode":"managed","type":"aws_lb","name":"alb","provider_name":"registry.terraform.io/hashicorp/aws","schema_version":0,"values":{"access_logs":[],"client_keep_alive":3600,"connection_logs":[],"customer_owned_ipv4_pool":null,"desync_mitigation_mode":"defensive","dns_record_client_routing_policy":null,"drop_invalid_header_fields":false,"enable_cross_zone_load_balancing":null,"enable_deletion_protection":false,"enable_http2":true,"enable_tls_version_and_cipher_suite_headers":false,"enable_waf_fail_open":false,"enable_xff_client_port":false,"enable_zonal_shift":false,"health_check_logs":[],"idle_timeout":60,"internal":false,"ipam_pools":[],"load_balancer_type":"application","minimum_load_balancer_capacity":[],"name":"dev-flashsale-alb","preserve_host_header":false,"region":"eu-west-2","tags":null,"timeouts":null,"xff_header_processing_mode":"append"},"sensitive_values":{"access_logs":[],"connection_logs":[],"health_check_logs":[],"ipam_pools":[],"minimum_load_balancer_capacity":[],"security_groups":[],"subnet_mapping":[],"subnets":[],"tags_all":{}}},{"address":"module.flashsale_system.aws_lb_listener.test","mode":"managed","type":"aws_lb_listener","name":"test","provider_name":"registry.terraform.io/hashicorp/aws","schema_version":0,"values":{"alpn_policy":null,"certificate_arn":null,"default_action":[{"authenticate_cognito":[],"authenticate_oidc":[],"fixed_response":[{"content_type":"text/plain","message_body":"Flash Sale System Live - Waiting for App","status_code":"200"}],"forward":[],"jwt_validation":[],"redirect":[],"target_group_arn":null,"type":"fixed-response"}],"port":80,"protocol":"HTTP","region":"eu-west-2","tags":null,"timeouts":null},"sensitive_values":{"default_action":[{"authenticate_cognito":[],"authenticate_oidc":[],"fixed_response":[{}],"forward":[],"jwt_validation":[],"redirect":[]}],"mutual_authentication":[],"tags_all":{}}},{"address":"module.flashsale_system.aws_rds_cluster.aurora","mode":"managed","type":"aws_rds_cluster","name":"aurora","provider_name":"registry.terraform.io/hashicorp/aws","schema_version":1,"values":{"allow_major_version_upgrade":null,"backtrack_window":null,"cluster_identifier":"dev-flashsale-db","copy_tags_to_snapshot":false,"database_name":"flashsale","db_cluster_instance_class":null,"db_instance_parameter_group_name":null,"db_subnet_group_name":"dev-aurora-subnet-group","delete_automated_backups":true,"deletion_protection":null,"domain":null,"domain_iam_role_name":null,"enable_global_write_forwarding":false,"enable_http_endpoint":false,"enable_local_write_forwarding":false,"enabled_cloudwatch_logs_exports":null,"engine":"aurora-postgresql","engine_mode":"provisioned","engine_version":"15.6","final_snapshot_identifier":null,"global_cluster_identifier":null,"iam_database_authentication_enabled":null,"iops":null,"manage_master_user_password":null,"master_password":"TestingSuperStrongPass","master_password_wo":null,"master_password_wo_version":null,"master_username":"adminuser","performance_insights_enabled":null,"region":"eu-west-2","replication_source_identifier":null,"restore_to_point_in_time":[],"s3_import":[],"scaling_configuration":[],"serverlessv2_scaling_configuration":[{"max_capacity":16,"min_capacity":0.5}],"skip_final_snapshot":true,"snapshot_identifier":null,"source_region":null,"tags":null,"timeouts":null},"sensitive_values":{"availability_zones":[],"cluster_members":[],"iam_roles":[],"master_password":true,"master_password_wo":true,"master_user_secret":[],"restore_to_point_in_time":[],"s3_import":[],"scaling_configuration":[],"serverlessv2_scaling_configuration":[{}],"tags_all":{},"vpc_security_group_ids":[]}},{"address":"module.flashsale_system.aws_security_group.alb_sg","mode":"managed","type":"aws_security_group","name":"alb_sg","provider_name":"registry.terraform.io/hashicorp/aws","schema_version":1,"values":{"description":"Managed by Terraform","egress":[{"cidr_blocks":["0.0.0.0/0"],"description":"","from_port":0,"ipv6_cidr_blocks":[],"prefix_list_ids":[],"protocol":"-1","security_groups":[],"self":false,"to_port":0}],"ingress":[{"cidr_blocks":["0.0.0.0/0"],"description":"","from_port":80,"ipv6_cidr_blocks":[],"prefix_list_ids":[],"protocol":"tcp","security_groups":[],"self":false,"to_port":80}],"name":"dev-flashsale-alb-sg","region":"eu-west-2","revoke_rules_on_delete":false,"tags":null,"timeouts":null},"sensitive_values":{"egress":[{"cidr_blocks":[false],"ipv6_cidr_blocks":[],"prefix_list_ids":[],"security_groups":[]}],"ingress":[{"cidr_blocks":[false],"ipv6_cidr_blocks":[],"prefix_list_ids":[],"security_groups":[]}],"tags_all":{}}},{"address":"module.flashsale_system.aws_security_group.db_sg","mode":"managed","type":"aws_security_group","name":"db_sg","provider_name":"registry.terraform.io/hashicorp/aws","schema_version":1,"values":{"description":"Managed by Terraform","ingress":[{"cidr_blocks":[],"description":"","from_port":5432,"ipv6_cidr_blocks":[],"prefix_list_ids":[],"protocol":"tcp","self":false,"to_port":5432}],"name":"dev-flashsale-db-sg","region":"eu-west-2","revoke_rules_on_delete":false,"tags":null,"timeouts":null},"sensitive_values":{"egress":[],"ingress":[{"cidr_blocks":[],"ipv6_cidr_blocks":[],"prefix_list_ids":[],"security_groups":[]}],"tags_all":{}}},{"address":"module.flashsale_system.aws_security_group.redis_sg","mode":"managed","type":"aws_security_group","name":"redis_sg","provider_name":"registry.terraform.io/hashicorp/aws","schema_version":1,"values":{"description":"Managed by Terraform","ingress":[{"cidr_blocks":[],"description":"","from_port":6379,"ipv6_cidr_blocks":[],"prefix_list_ids":[],"protocol":"tcp","self":false,"to_port":6379}],"name":"dev-flashsale-redis-sg","region":"eu-west-2","revoke_rules_on_delete":false,"tags":null,"timeouts":null},"sensitive_values":{"egress":[],"ingress":[{"cidr_blocks":[],"ipv6_cidr_blocks":[],"prefix_list_ids":[],"security_groups":[]}],"tags_all":{}}}],"address":"module.flashsale_system"}]}},"resource_changes":[{"address":"module.dev_network.aws_internet_gateway.gw","module_address":"module.dev_network","mode":"managed","type":"aws_internet_gateway","name":"gw","provider_name":"registry.terraform.io/hashicorp/aws","change":{"actions":["create"],"before":null,"after":{"region":"eu-west-2","tags":{"Name":"dev-igw"},"tags_all":{"Name":"dev-igw"},"timeouts":null},"after_unknown":{"arn":true,"id":true,"owner_id":true,"tags":{},"tags_all":{},"vpc_id":true},"before_sensitive":false,"after_sensitive":{"tags":{},"tags_all":{}}}},{"address":"module.dev_network.aws_route_table.public","module_address":"module.dev_network","mode":"managed","type":"aws_route_table","name":"public","provider_name":"registry.terraform.io/hashicorp/aws","change":{"actions":["create"],"before":null,"after":{"region":"eu-west-2","route":[{"carrier_gateway_id":"","cidr_block":"0.0.0.0/0","core_network_arn":"","destination_prefix_list_id":"","egress_only_gateway_id":"","ipv6_cidr_block":"","local_gateway_id":"","nat_gateway_id":"","network_interface_id":"","transit_gateway_id":"","vpc_endpoint_id":"","vpc_peering_connection_id":""}],"tags":{"Name":"dev-public-rt"},"tags_all":{"Name":"dev-public-rt"},"timeouts":null},"after_unknown":{"arn":true,"id":true,"owner_id":true,"propagating_vgws":true,"route":[{"gateway_id":true}],"tags":{},"tags_all":{},"vpc_id":true},"before_sensitive":false,"after_sensitive":{"propagating_vgws":[],"route":[{}],"tags":{},"tags_all":{}}}},{"address":"module.dev_network.aws_route_table_association.public[0]","module_address":"module.dev_network","mode":"managed","type":"aws_route_table_association","name":"public","index":0,"provider_name":"registry.terraform.io/hashicorp/aws","change":{"actions":["create"],"before":null,"after":{"gateway_id":null,"region":"eu-west-2","timeouts":null},"after_unknown":{"id":true,"route_table_id":true,"subnet_id":true},"before_sensitive":false,"after_sensitive":{}}},{"address":"module.dev_network.aws_subnet.private[0]","module_address":"module.dev_network","mode":"managed","type":"aws_subnet","name":"private","index":0,"provider_name":"registry.terraform.io/hashicorp/aws","change":{"actions":["create"],"before":null,"after":{"assign_ipv6_address_on_creation":false,"availability_zone":"eu-west-2a","cidr_block":"10.10.0.0/24","customer_owned_ipv4_pool":null,"enable_dns64":false,"enable_lni_at_device_index":null,"enable_resource_name_dns_a_record_on_launch":false,"enable_resource_name_dns_aaaa_record_on_launch":false,"ipv6_cidr_block":null,"ipv6_native":false,"map_customer_owned_ip_on_launch":null,"map_public_ip_on_launch":false,"outpost_arn":null,"region":"eu-west-2","tags":{"Name":"dev-private-0"},"tags_all":{"Name":"dev-private-0"},"timeouts":null},"after_unknown":{"arn":true,"availability_zone_id":true,"id":true,"ipv6_cidr_block_association_id":true,"owner_id":true,"private_dns_hostname_type_on_launch":true,"tags":{},"tags_all":{},"vpc_id":true},"before_sensitive":false,"after_sensitive":{"tags":{},"tags_all":{}}}},{"address":"module.dev_network.aws_subnet.private[1]","module_address":"module.dev_network","mode":"managed","type":"aws_subnet","name":"private","index":1,"provider_name":"registry.terraform.io/hashicorp/aws","change":{"actions":["create"],"before":null,"after":{"assign_ipv6_address_on_creation":false,"availability_zone":"eu-west-2b","cidr_block":"10.10.1.0/24","customer_owned_ipv4_pool":null,"enable_dns64":false,"enable_lni_at_device_index":null,"enable_resource_name_dns_a_record_on_launch":false,"enable_resource_name_dns_aaaa_record_on_launch":false,"ipv6_cidr_block":null,"ipv6_native":false,"map_customer_owned_ip_on_launch":null,"map_public_ip_on_launch":false,"outpost_arn":null,"region":"eu-west-2","tags":{"Name":"dev-private-1"},"tags_all":{"Name":"dev-private-1"},"timeouts":null},"after_unknown":{"arn":true,"availability_zone_id":true,"id":true,"ipv6_cidr_block_association_id":true,"owner_id":true,"private_dns_hostname_type_on_launch":true,"tags":{},"tags_all":{},"vpc_id":true},"before_sensitive":false,"after_sensitive":{"tags":{},"tags_all":{}}}},{"address":"module.dev_network.aws_subnet.public[0]","module_address":"module.dev_network","mode":"managed","type":"aws_subnet","name":"public","index":0,"provider_name":"registry.terraform.io/hashicorp/aws","change":{"actions":["create"],"before":null,"after":{"assign_ipv6_address_on_creation":false,"availability_zone":"eu-west-2a","cidr_block":"10.10.2.0/24","customer_owned_ipv4_pool":null,"enable_dns64":false,"enable_lni_at_device_index":null,"enable_resource_name_dns_a_record_on_launch":false,"enable_resource_name_dns_aaaa_record_on_launch":false,"ipv6_cidr_block":null,"ipv6_native":false,"map_customer_owned_ip_on_launch":null,"map_public_ip_on_launch":false,"outpost_arn":null,"region":"eu-west-2","tags":{"Name":"dev-public-0"},"tags_all":{"Name":"dev-public-0"},"timeouts":null},"after_unknown":{"arn":true,"availability_zone_id":true,"id":true,"ipv6_cidr_block_association_id":true,"owner_id":true,"private_dns_hostname_type_on_launch":true,"tags":{},"tags_all":{},"vpc_id":true},"before_sensitive":false,"after_sensitive":{"tags":{},"tags_all":{}}}},{"address":"module.dev_network.aws_subnet.public[1]","module_address":"module.dev_network","mode":"managed","type":"aws_subnet","name":"public","index":1,"provider_name":"registry.terraform.io/hashicorp/aws","change":{"actions":["create"],"before":null,"after":{"assign_ipv6_address_on_creation":false,"availability_zone":"eu-west-2b","cidr_block":"10.10.3.0/24","customer_owned_ipv4_pool":null,"enable_dns64":false,"enable_lni_at_device_index":null,"enable_resource_name_dns_a_record_on_launch":false,"enable_resource_name_dns_aaaa_record_on_launch":false,"ipv6_cidr_block":null,"ipv6_native":false,"map_customer_owned_ip_on_launch":null,"map_public_ip_on_launch":false,"outpost_arn":null,"region":"eu-west-2","tags":{"Name":"dev-public-1"},"tags_all":{"Name":"dev-public-1"},"timeouts":null},"after_unknown":{"arn":true,"availability_zone_id":true,"id":true,"ipv6_cidr_block_association_id":true,"owner_id":true,"private_dns_hostname_type_on_launch":true,"tags":{},"tags_all":{},"vpc_id":true},"before_sensitive":false,"after_sensitive":{"tags":{},"tags_all":{}}}},{"address":"module.dev_network.aws_vpc.main","module_address":"module.dev_network","mode":"managed","type":"aws_vpc","name":"main","provider_name":"registry.terraform.io/hashicorp/aws","change":{"actions":["create"],"before":null,"after":{"assign_generated_ipv6_cidr_block":null,"cidr_block":"10.10.0.0/16","enable_dns_hostnames":true,"enable_dns_support":true,"instance_tenancy":"default","ipv4_ipam_pool_id":null,"ipv4_netmask_length":null,"ipv6_ipam_pool_id":null,"ipv6_netmask_length":null,"region":"eu-west-2","tags":{"Environment":"dev","ManagedBy":"Terraform","Name":"dev-vpc"},"tags_all":{"Environment":"dev","ManagedBy":"Terraform","Name":"dev-vpc"}},"after_unknown":{"arn":true,"default_network_acl_id":true,"default_route_table_id":true,"default_security_group_id":true,"dhcp_options_id":true,"enable_network_address_usage_metrics":true,"id":true,"ipv6_association_id":true,"ipv6_cidr_block":true,"ipv6_cidr_block_network_border_group":true,"main_route_table_id":true,"owner_id":true,"tags":{},"tags_all":{}},"before_sensitive":false,"after_sensitive":{"tags":{},"tags_all":{}}}},{"address":"module.flashsale_system.aws_db_subnet_group.aurora","module_address":"module.flashsale_system","mode":"managed","type":"aws_db_subnet_group","name":"aurora","provider_name":"registry.terraform.io/hashicorp/aws","change":{"actions":["create"],"before":null,"after":{"description":"Managed by Terraform","name":"dev-aurora-subnet-group","region":"eu-west-2","tags":null},"after_unknown":{"arn":true,"id":true,"name_prefix":true,"subnet_ids":true,"supported_network_types":true,"tags_all":true,"vpc_id":true},"before_sensitive":false,"after_sensitive":{"subnet_ids":[],"supported_network_types":[],"tags_all":{}}}},{"address":"module.flashsale_system.aws_elasticache_cluster.redis","module_address":"module.flashsale_system","mode":"managed","type":"aws_elasticache_cluster","name":"redis","provider_name":"registry.terraform.io/hashicorp/aws","change":{"actions":["create"],"before":null,"after":{"auto_minor_version_upgrade":"true","cluster_id":"dev-flashsale-redis","engine":"redis","final_snapshot_identifier":null,"log_delivery_configuration":[],"node_type":"cache.t4g.medium","notification_topic_arn":null,"num_cache_nodes":1,"outpost_mode":null,"parameter_group_name":"default.redis7","preferred_availability_zones":null,"region":"eu-west-2","snapshot_arns":null,"snapshot_name":null,"snapshot_retention_limit":null,"subnet_group_name":"dev-redis-subnet-group","tags":null,"timeouts":null},"after_unknown":{"apply_immediately":true,"arn":true,"availability_zone":true,"az_mode":true,"cache_nodes":true,"cluster_address":true,"configuration_endpoint":true,"engine_version":true,"engine_version_actual":true,"id":true,"ip_discovery":true,"log_delivery_configuration":[],"maintenance_window":true,"network_type":true,"port":true,"preferred_outpost_arn":true,"replication_group_id":true,"security_group_ids":true,"snapshot_window":true,"tags_all":true,"transit_encryption_enabled":true},"before_sensitive":false,"after_sensitive":{"cache_nodes":[],"log_delivery_configuration":[],"security_group_ids":[],"tags_all":{}}}},{"address":"module.flashsale_system.aws_elasticache_subnet_group.redis","module_address":"module.flashsale_system","mode":"managed","type":"aws_elasticache_subnet_group","name":"redis","provider_name":"registry.terraform.io/hashicorp/aws","change":{"actions":["create"],"before":null,"after":{"description":"Managed by Terraform","name":"dev-redis-subnet-group","region":"eu-west-2","tags":null},"after_unknown":{"arn":true,"id":true,"subnet_ids":true,"tags_all":true,"vpc_id":true},"before_sensitive":false,"after_sensitive":{"subnet_ids":[],"tags_all":{}}}},{"address":"module.flashsale_system.aws_lb.alb","module_address":"module.flashsale_system","mode":"managed","type":"aws_lb","name":"alb","provider_name":"registry.terraform.io/hashicorp/aws","change":{"actions":["create"],"before":null,"after":{"access_logs":[],"client_keep_alive":3600,"connection_logs":[],"customer_owned_ipv4_pool":null,"desync_mitigation_mode":"defensive","dns_record_client_routing_policy":null,"drop_invalid_header_fields":false,"enable_cross_zone_load_balancing":null,"enable_deletion_protection":false,"enable_http2":true,"enable_tls_version_and_cipher_suite_headers":false,"enable_waf_fail_open":false,"enable_xff_client_port":false,"enable_zonal_shift":false,"health_check_logs":[],"idle_timeout":60,"internal":false,"ipam_pools":[],"load_balancer_type":"application","minimum_load_balancer_capacity":[],"name":"dev-flashsale-alb","preserve_host_header":false,"region":"eu-west-2","tags":null,"timeouts":null,"xff_header_processing_mode":"append"},"after_unknown":{"access_logs":[],"arn":true,"arn_suffix":true,"connection_logs":[],"dns_name":true,"enforce_security_group_inbound_rules_on_private_link_traffic":true,"health_check_logs":[],"id":true,"ip_address_type":true,"ipam_pools":[],"minimum_load_balancer_capacity":[],"name_prefix":true,"secondary_ips_auto_assigned_per_subnet":true,"security_groups":true,"subnet_mapping":true,"subnets":true,"tags_all":true,"vpc_id":true,"zone_id":true},"before_sensitive":false,"after_sensitive":{"access_logs":[],"connection_logs":[],"health_check_logs":[],"ipam_pools":[],"minimum_load_balancer_capacity":[],"security_groups":[],"subnet_mapping":[],"subnets":[],"tags_all":{}}}},{"address":"module.flashsale_system.aws_lb_listener.test","module_address":"module.flashsale_system","mode":"managed","type":"aws_lb_listener","name":"test","provider_name":"registry.terraform.io/hashicorp/aws","change":{"actions":["create"],"before":null,"after":{"alpn_policy":null,"certificate_arn":null,"default_action":[{"authenticate_cognito":[],"authenticate_oidc":[],"fixed_response":[{"content_type":"text/plain","message_body":"Flash Sale System Live - Waiting for App","status_code":"200"}],"forward":[],"jwt_validation":[],"redirect":[],"target_group_arn":null,"type":"fixed-response"}],"port":80,"protocol":"HTTP","region":"eu-west-2","tags":null,"timeouts":null},"after_unknown":{"arn":true,"default_action":[{"authenticate_cognito":[],"authenticate_oidc":[],"fixed_response":[{}],"forward":[],"jwt_validation":[],"order":true,"redirect":[]}],"id":true,"load_balancer_arn":true,"mutual_authentication":true,"routing_http_request_x_amzn_mtls_clientcert_header_name":true,"routing_http_request_x_amzn_mtls_clientcert_issuer_header_name":true,"routing_http_request_x_amzn_mtls_clientcert_leaf_header_name":true,"routing_http_request_x_amzn_mtls_clientcert_serial_number_header_name":true,"routing_http_request_x_amzn_mtls_clientcert_subject_header_name":true,"routing_http_request_x_amzn_mtls_clientcert_validity_header_name":true,"routing_http_request_x_amzn_tls_cipher_suite_header_name":true,"routing_http_request_x_amzn_tls_version_header_name":true,"routing_http_response_access_control_allow_credentials_header_value":true,"routing_http_response_access_control_allow_headers_header_value":true,"routing_http_response_access_control_allow_methods_header_value":true,"routing_http_response_access_control_allow_origin_header_value":true,"routing_http_response_access_control_expose_headers_header_value":true,"routing_http_response_access_control_max_age_header_value":true,"routing_http_response_content_security_policy_header_value":true,"routing_http_response_server_enabled":true,"routing_http_response_strict_transport_security_header_value":true,"routing_http_response_x_content_type_options_header_value":true,"routing_http_response_x_frame_options_header_value":true,"ssl_policy":true,"tags_all":true,"tcp_idle_timeout_seconds":true},"before_sensitive":false,"after_sensitive":{"default_action":[{"authenticate_cognito":[],"authenticate_oidc":[],"fixed_response":[{}],"forward":[],"jwt_validation":[],"redirect":[]}],"mutual_authentication":[],"tags_all":{}}}},{"address":"module.flashsale_system.aws_rds_cluster.aurora","module_address":"module.flashsale_system","mode":"managed","type":"aws_rds_cluster","name":"aurora","provider_name":"registry.terraform.io/hashicorp/aws","change":{"actions":["create"],"before":null,"after":{"allow_major_version_upgrade":null,"backtrack_window":null,"cluster_identifier":"dev-flashsale-db","copy_tags_to_snapshot":false,"database_name":"flashsale","db_cluster_instance_class":null,"db_instance_parameter_group_name":null,"db_subnet_group_name":"dev-aurora-subnet-group","delete_automated_backups":true,"deletion_protection":null,"domain":null,"domain_iam_role_name":null,"enable_global_write_forwarding":false,"enable_http_endpoint":false,"enable_local_write_forwarding":false,"enabled_cloudwatch_logs_exports":null,"engine":"aurora-postgresql","engine_mode":"provisioned","engine_version":"15.6","final_snapshot_identifier":null,"global_cluster_identifier":null,"iam_database_authentication_enabled":null,"iops":null,"manage_master_user_password":null,"master_password":"TestingSuperStrongPass","master_password_wo":null,"master_password_wo_version":null,"master_username":"adminuser","performance_insights_enabled":null,"region":"eu-west-2","replication_source_identifier":null,"restore_to_point_in_time":[],"s3_import":[],"scaling_configuration":[],"serverlessv2_scaling_configuration":[{"max_capacity":16,"min_capacity":0.5}],"skip_final_snapshot":true,"snapshot_identifier":null,"source_region":null,"tags":null,"timeouts":null},"after_unknown":{"allocated_storage":true,"apply_immediately":true,"arn":true,"availability_zones":true,"backup_retention_period":true,"ca_certificate_identifier":true,"ca_certificate_valid_till":true,"cluster_identifier_prefix":true,"cluster_members":true,"cluster_resource_id":true,"cluster_scalability_type":true,"database_insights_mode":true,"db_cluster_parameter_group_name":true,"db_system_id":true,"endpoint":true,"engine_lifecycle_support":true,"engine_version_actual":true,"hosted_zone_id":true,"iam_roles":true,"id":true,"kms_key_id":true,"master_user_secret":true,"master_user_secret_kms_key_id":true,"monitoring_interval":true,"monitoring_role_arn":true,"network_type":true,"performance_insights_kms_key_id":true,"performance_insights_retention_period":true,"port":true,"preferred_backup_window":true,"preferred_maintenance_window":true,"reader_endpoint":true,"restore_to_point_in_time":[],"s3_import":[],"scaling_configuration":[],"serverlessv2_scaling_configuration":[{"seconds_until_auto_pause":true}],"storage_encrypted":true,"storage_type":true,"tags_all":true,"upgrade_rollout_order":true,"vpc_security_group_ids":true},"before_sensitive":false,"after_sensitive":{"availability_zones":[],"cluster_members":[],"iam_roles":[],"master_password":true,"master_password_wo":true,"master_user_secret":[],"restore_to_point_in_time":[],"s3_import":[],"scaling_configuration":[],"serverlessv2_scaling_configuration":[{}],"tags_all":{},"vpc_security_group_ids":[]}}},{"address":"module.flashsale_system.aws_security_group.alb_sg","module_address":"module.flashsale_system","mode":"managed","type":"aws_security_group","name":"alb_sg","provider_name":"registry.terraform.io/hashicorp/aws","change":{"actions":["create"],"before":null,"after":{"description":"Managed by Terraform","egress":[{"cidr_blocks":["0.0.0.0/0"],"description":"","from_port":0,"ipv6_cidr_blocks":[],"prefix_list_ids":[],"protocol":"-1","security_groups":[],"self":false,"to_port":0}],"ingress":[{"cidr_blocks":["0.0.0.0/0"],"description":"","from_port":80,"ipv6_cidr_blocks":[],"prefix_list_ids":[],"protocol":"tcp","security_groups":[],"self":false,"to_port":80}],"name":"dev-flashsale-alb-sg","region":"eu-west-2","revoke_rules_on_delete":false,"tags":null,"timeouts":null},"after_unknown":{"arn":true,"egress":[{"cidr_blocks":[false],"ipv6_cidr_blocks":[],"prefix_list_ids":[],"security_groups":[]}],"id":true,"ingress":[{"cidr_blocks":[false],"ipv6_cidr_blocks":[],"prefix_list_ids":[],"security_groups":[]}],"name_prefix":true,"owner_id":true,"tags_all":true,"vpc_id":true},"before_sensitive":false,"after_sensitive":{"egress":[{"cidr_blocks":[false],"ipv6_cidr_blocks":[],"prefix_list_ids":[],"security_groups":[]}],"ingress":[{"cidr_blocks":[false],"ipv6_cidr_blocks":[],"prefix_list_ids":[],"security_groups":[]}],"tags_all":{}}}},{"address":"module.flashsale_system.aws_security_group.db_sg","module_address":"module.flashsale_system","mode":"managed","type":"aws_security_group","name":"db_sg","provider_name":"registry.terraform.io/hashicorp/aws","change":{"actions":["create"],"before":null,"after":{"description":"Managed by Terraform","ingress":[{"cidr_blocks":[],"description":"","from_port":5432,"ipv6_cidr_blocks":[],"prefix_list_ids":[],"protocol":"tcp","self":false,"to_port":5432}],"name":"dev-flashsale-db-sg","region":"eu-west-2","revoke_rules_on_delete":false,"tags":null,"timeouts":null},"after_unknown":{"arn":true,"egress":true,"id":true,"ingress":[{"cidr_blocks":[],"ipv6_cidr_blocks":[],"prefix_list_ids":[],"security_groups":true}],"name_prefix":true,"owner_id":true,"tags_all":true,"vpc_id":true},"before_sensitive":false,"after_sensitive":{"egress":[],"ingress":[{"cidr_blocks":[],"ipv6_cidr_blocks":[],"prefix_list_ids":[],"security_groups":[]}],"tags_all":{}}}},{"address":"module.flashsale_system.aws_security_group.redis_sg","module_address":"module.flashsale_system","mode":"managed","type":"aws_security_group","name":"redis_sg","provider_name":"registry.terraform.io/hashicorp/aws","change":{"actions":["create"],"before":null,"after":{"description":"Managed by Terraform","ingress":[{"cidr_blocks":[],"description":"","from_port":6379,"ipv6_cidr_blocks":[],"prefix_list_ids":[],"protocol":"tcp","self":false,"to_port":6379}],"name":"dev-flashsale-redis-sg","region":"eu-west-2","revoke_rules_on_delete":false,"tags":null,"timeouts":null},"after_unknown":{"arn":true,"egress":true,"id":true,"ingress":[{"cidr_blocks":[],"ipv6_cidr_blocks":[],"prefix_list_ids":[],"security_groups":true}],"name_prefix":true,"owner_id":true,"tags_all":true,"vpc_id":true},"before_sensitive":false,"after_sensitive":{"egress":[],"ingress":[{"cidr_blocks":[],"ipv6_cidr_blocks":[],"prefix_list_ids":[],"security_groups":[]}],"tags_all":{}}}}],"output_changes":{"dev_private_public":{"actions":["create"],"before":null,"after":[null,null],"after_unknown":[true,true],"before_sensitive":false,"after_sensitive":false},"dev_private_subnets":{"actions":["create"],"before":null,"after":[null,null],"after_unknown":[true,true],"before_sensitive":false,"after_sensitive":false},"dev_vpc_info":{"actions":["create"],"before":null,"after_unknown":true,"before_sensitive":false,"after_sensitive":false}},"prior_state":{"format_version":"1.0","terraform_version":"1.9.2","values":{"root_module":{"child_modules":[{"resources":[{"address":"module.dev_network.data.aws_availability_zones.available","mode":"data","type":"aws_availability_zones","name":"available","provider_name":"registry.terraform.io/hashicorp/aws","schema_version":0,"values":{"all_availability_zones":null,"exclude_names":null,"exclude_zone_ids":null,"filter":null,"group_names":["eu-west-2-zg-1"],"id":"eu-west-2","names":["eu-west-2a","eu-west-2b","eu-west-2c"],"region":"eu-west-2","state":null,"timeouts":null,"zone_ids":["euw2-az2","euw2-az3","euw2-az1"]},"sensitive_values":{"group_names":[false],"names":[false,false,false],"zone_ids":[false,false,false]}}],"address":"module.dev_network"}]}}},"configuration":{"provider_config":{"module.dev_network:aws":{"name":"aws","full_name":"registry.terraform.io/hashicorp/aws","module_address":"module.dev_network"},"module.flashsale_system:aws":{"name":"aws","full_name":"registry.terraform.io/hashicorp/aws","module_address":"module.flashsale_system"}},"root_module":{"outputs":{"dev_private_public":{"expression":{"references":["module.dev_network.public_subnets","module.dev_network"]}},"dev_private_subnets":{"expression":{"references":["module.dev_network.private_subnets","module.dev_network"]}},"dev_vpc_info":{"expression":{"references":["module.dev_network.vpc_id","module.dev_network"]}}},"module_calls":{"dev_network":{"source":"../../../modules/vpc","expressions":{"env":{"constant_value":"dev"},"vpc_id":{"constant_value":"10.10.0.0/16"}},"module":{"outputs":{"private_subnets":{"expression":{"references":["aws_subnet.private"]},"description":"List of IDs of private subnets"},"public_subnets":{"expression":{"references":["aws_subnet.public"]},"description":"List of IDs of public subnets"},"vpc_id":{"expression":{"references":["aws_vpc.main.id","aws_vpc.main"]},"description":"The ID of the VPC"}},"resources":[{"address":"aws_internet_gateway.gw","mode":"managed","type":"aws_internet_gateway","name":"gw","provider_config_key":"module.dev_network:aws","expressions":{"tags":{"references":["var.env"]},"vpc_id":{"references":["aws_vpc.main.id","aws_vpc.main"]}},"schema_version":0},{"address":"aws_route_table.public","mode":"managed","type":"aws_route_table","name":"public","provider_config_key":"module.dev_network:aws","expressions":{"route":{"references":["aws_internet_gateway.gw.id","aws_internet_gateway.gw"]},"tags":{"references":["var.env"]},"vpc_id":{"references":["aws_vpc.main.id","aws_vpc.main"]}},"schema_version":0},{"address":"aws_route_table_association.public","mode":"managed","type":"aws_route_table_association","name":"public","provider_config_key":"module.dev_network:aws","expressions":{"route_table_id":{"references":["aws_route_table.public.id","aws_route_table.public"]},"subnet_id":{"references":["aws_subnet.public","count.index"]}},"schema_version":0,"count_expression":{"constant_value":1}},{"address":"aws_subnet.private","mode":"managed","type":"aws_subnet","name":"private","provider_config_key":"module.dev_network:aws","expressions":{"availability_zone":{"references":["data.aws_availability_zones.available.names","data.aws_availability_zones.available","count.index"]},"cidr_block":{"references":["var.vpc_id","count.index"]},"tags":{"references":["var.env","count.index"]},"vpc_id":{"references":["aws_vpc.main.id","aws_vpc.main"]}},"schema_version":1,"count_expression":{"constant_value":2}},{"address":"aws_subnet.public","mode":"managed","type":"aws_subnet","name":"public","provider_config_key":"module.dev_network:aws","expressions":{"availability_zone":{"references":["data.aws_availability_zones.available.names","data.aws_availability_zones.available","count.index"]},"cidr_block":{"references":["var.vpc_id","count.index"]},"tags":{"references":["var.env","count.index"]},"vpc_id":{"references":["aws_vpc.main.id","aws_vpc.main"]}},"schema_version":1,"count_expression":{"constant_value":2}},{"address":"aws_vpc.main","mode":"managed","type":"aws_vpc","name":"main","provider_config_key":"module.dev_network:aws","expressions":{"cidr_block":{"references":["var.vpc_id"]},"enable_dns_hostnames":{"constant_value":true},"tags":{"references":["var.env","var.env"]}},"schema_version":1},{"address":"data.aws_availability_zones.available","mode":"data","type":"aws_availability_zones","name":"available","provider_config_key":"module.dev_network:aws","schema_version":0}],"variables":{"env":{"description":"Environment that you are using"},"vpc_id":{"description":"vpc_cidr"}}}},"flashsale_system":{"source":"../../../modules/flashsale","expressions":{"db_password":{"references":["var.db_password"]},"env":{"constant_value":"dev"},"private_subnets":{"references":["module.dev_network.private_subnets","module.dev_network"]},"public_subnets":{"references":["module.dev_network.public_subnets","module.dev_network"]},"vpc_id":{"references":["module.dev_network.vpc_id","module.dev_network"]}},"module":{"outputs":{"db_cluster_endpoint":{"expression":{"references":["aws_rds_cluster.aurora.endpoint","aws_rds_cluster.aurora"]},"description":"The connection endpoint for the Aurora cluster"},"db_cluster_port":{"expression":{"references":["aws_rds_cluster.aurora.port","aws_rds_cluster.aurora"]},"description":"The port the database is listening on"},"db_name":{"expression":{"references":["aws_rds_cluster.aurora.database_name","aws_rds_cluster.aurora"]},"description":"The name of the default database"}},"resources":[{"address":"aws_db_subnet_group.aurora","mode":"managed","type":"aws_db_subnet_group","name":"aurora","provider_config_key":"module.flashsale_system:aws","expressions":{"name":{"references":["var.env"]},"subnet_ids":{"references":["var.private_subnets"]}},"schema_version":0},{"address":"aws_elasticache_cluster.redis","mode":"managed","type":"aws_elasticache_cluster","name":"redis","provider_config_key":"module.flashsale_system:aws","expressions":{"cluster_id":{"references":["var.env"]},"engine":{"constant_value":"redis"},"node_type":{"constant_value":"cache.t4g.medium"},"num_cache_nodes":{"constant_value":1},"parameter_group_name":{"constant_value":"default.redis7"},"security_group_ids":{"references":["aws_security_group.redis_sg.id","aws_security_group.redis_sg"]},"subnet_group_name":{"references":["aws_elasticache_subnet_group.redis.name","aws_elasticache_subnet_group.redis"]}},"schema_version":0},{"address":"aws_elasticache_subnet_group.redis","mode":"managed","type":"aws_elasticache_subnet_group","name":"redis","provider_config_key":"module.flashsale_system:aws","expressions":{"name":{"references":["var.env"]},"subnet_ids":{"references":["var.private_subnets"]}},"schema_version":0},{"address":"aws_lb.alb","mode":"managed","type":"aws_lb","name":"alb","provider_config_key":"module.flashsale_system:aws","expressions":{"internal":{"constant_value":false},"load_balancer_type":{"constant_value":"application"},"name":{"references":["var.env"]},"security_groups":{"references":["aws_security_group.alb_sg.id","aws_security_group.alb_sg"]},"subnets":{"references":["var.public_subnets"]}},"schema_version":0},{"address":"aws_lb_listener.test","mode":"managed","type":"aws_lb_listener","name":"test","provider_config_key":"module.flashsale_system:aws","expressions":{"default_action":[{"fixed_response":[{"content_type":{"constant_value":"text/plain"},"message_body":{"constant_value":"Flash Sale System Live - Waiting for App"},"status_code":{"constant_value":"200"}}],"type":{"constant_value":"fixed-response"}}],"load_balancer_arn":{"references":["aws_lb.alb.arn","aws_lb.alb"]},"port":{"constant_value":"80"},"protocol":{"constant_value":"HTTP"}},"schema_version":0},{"address":"aws_rds_cluster.aurora","mode":"managed","type":"aws_rds_cluster","name":"aurora","provider_config_key":"module.flashsale_system:aws","expressions":{"cluster_identifier":{"references":["var.env"]},"database_name":{"constant_value":"flashsale"},"db_subnet_group_name":{"references":["aws_db_subnet_group.aurora.name","aws_db_subnet_group.aurora"]},"engine":{"constant_value":"aurora-postgresql"},"engine_mode":{"constant_value":"provisioned"},"engine_version":{"constant_value":"15.6"},"master_password":{"references":["var.db_password"]},"master_username":{"constant_value":"adminuser"},"serverlessv2_scaling_configuration":[{"max_capacity":{"constant_value":16},"min_capacity":{"constant_value":0.5}}],"skip_final_snapshot":{"constant_value":true},"vpc_security_group_ids":{"references":["aws_security_group.db_sg.id","aws_security_group.db_sg"]}},"schema_version":1},{"address":"aws_security_group.alb_sg","mode":"managed","type":"aws_security_group","name":"alb_sg","provider_config_key":"module.flashsale_system:aws","expressions":{"egress":{"constant_value":[{"cidr_blocks":["0.0.0.0/0"],"description":null,"from_port":0,"ipv6_cidr_blocks":null,"prefix_list_ids":null,"protocol":"-1","security_groups":null,"self":null,"to_port":0}]},"ingress":{"constant_value":[{"cidr_blocks":["0.0.0.0/0"],"description":null,"from_port":80,"ipv6_cidr_blocks":null,"prefix_list_ids":null,"protocol":"tcp","security_groups":null,"self":null,"to_port":80}]},"name":{"references":["var.env"]},"vpc_id":{"references":["var.vpc_id"]}},"schema_version":1},{"address":"aws_security_group.db_sg","mode":"managed","type":"aws_security_group","name":"db_sg","provider_config_key":"module.flashsale_system:aws","expressions":{"ingress":{"references":["aws_security_group.alb_sg.id","aws_security_group.alb_sg"]},"name":{"references":["var.env"]},"vpc_id":{"references":["var.vpc_id"]}},"schema_version":1},{"address":"aws_security_group.redis_sg","mode":"managed","type":"aws_security_group","name":"redis_sg","provider_config_key":"module.flashsale_system:aws","expressions":{"ingress":{"references":["aws_security_group.alb_sg.id","aws_security_group.alb_sg"]},"name":{"references":["var.env"]},"vpc_id":{"references":["var.vpc_id"]}},"schema_version":1}],"variables":{"db_password":{"description":"db_password"},"env":{"description":"Environment that you are using"},"private_subnets":{"description":"private_subnet_group"},"public_subnets":{"description":"public_subnets"},"vpc_id":{"description":"The ID of the VPC"}}}}},"variables":{"db_password":{"default":"TestingSuperStrongPass","description":"db_password"}}}},"relevant_attributes":[{"resource":"module.flashsale_system.aws_security_group.db_sg","attribute":["id"]},{"resource":"module.flashsale_system.aws_lb.alb","attribute":["arn"]},{"resource":"module.flashsale_system.aws_rds_cluster.aurora","attribute":["database_name"]},{"resource":"module.flashsale_system.aws_rds_cluster.aurora","attribute":["port"]},{"resource":"module.dev_network.aws_internet_gateway.gw","attribute":["id"]},{"resource":"module.flashsale_system.aws_security_group.redis_sg","attribute":["id"]},{"resource":"module.flashsale_system.aws_elasticache_subnet_group.redis","attribute":["name"]},{"resource":"module.dev_network.aws_subnet.private","attribute":[]},{"resource":"module.dev_network.aws_route_table.public","attribute":["id"]},{"resource":"module.flashsale_system.aws_security_group.alb_sg","attribute":["id"]},{"resource":"module.flashsale_system.aws_rds_cluster.aurora","attribute":["endpoint"]},{"resource":"module.dev_network.aws_vpc.main","attribute":["id"]},{"resource":"module.dev_network.aws_subnet.public","attribute":[]},{"resource":"module.flashsale_system.aws_db_subnet_group.aurora","attribute":["name"]},{"resource":"module.dev_network.data.aws_availability_zones.available","attribute":["names"]}],"timestamp":"2026-01-05T22:50:01Z","applyable":true,"complete":true,"errored":false}
